
Microsoft Visual Studio Solution File, Format Version 12.00
# Visual Studio Version 16
VisualStudioVersion = 16.0.32802.440
MinimumVisualStudioVersion = 10.0.40219.1
Project("{FAE04EC0-301F-11D3-BF4B-00C04F79EFBC}") = "SugiyamaFramework", "SugiyamaFramework\SugiyamaFramework.csproj", "{766C3AC8-01D7-41DA-8208-81B0E78F6DA5}"
EndProject
Project("{FAE04EC0-301F-11D3-BF4B-00C04F79EFBC}") = "SugiyamaFrameworkTest", "SugiyamaFrameworkTest\SugiyamaFrameworkTest.csproj", "{2DE2B767-982E-4757-BFDE-9932A7A18731}"
EndProject
Global
	GlobalSection(SolutionConfigurationPlatforms) = preSolution
		Debug|Any CPU = Debug|Any CPU
		Release|Any CPU = Release|Any CPU
	EndGlobalSection
	GlobalSection(ProjectConfigurationPlatforms) = postSolution
		{766C3AC8-01D7-41DA-8208-81B0E78F6DA5}.Debug|Any CPU.ActiveCfg = Debug|Any CPU
		{766C3AC8-01D7-41DA-8208-81B0E78F6DA5}.Debug|Any CPU.Build.0 = Debug|Any CPU
		{766C3AC8-01D7-41DA-8208-81B0E78F6DA5}.Release|Any CPU.ActiveCfg = Release|Any CPU
		{766C3AC8-01D7-41DA-8208-81B0E78F6DA5}.Release|Any CPU.Build.0 = Release|Any CPU
		{2DE2B767-982E-4757-BFDE-9932A7A18731}.Debug|Any CPU.ActiveCfg = Debug|Any CPU
		{2DE2B767-982E-4757-BFDE-9932A7A18731}.Debug|Any CPU.Build.0 = Debug|Any CPU
		{2DE2B767-982E-4757-BFDE-9932A7A18731}.Release|Any CPU.ActiveCfg = Release|Any CPU
		{2DE2B767-982E-4757-BFDE-9932A7A18731}.Release|Any CPU.Build.0 = Release|Any CPU
	EndGlobalSection
	GlobalSection(SolutionProperties) = preSolution
		HideSolutionNode = FALSE
	EndGlobalSection
	GlobalSection(ExtensibilityGlobals) = postSolution
		SolutionGuid = {6A144B85-2326-4596-B31B-444B929C5401}
	EndGlobalSection
EndGlobal
